{
    "_readme": [
        "This file locks the dependencies of your project to a known state",
        "Read more about it at http://getcomposer.org/doc/01-basic-usage.md#composer-lock-the-lock-file"
    ],
    "hash": "33e635b6d5b3d59c7038d16d3b5331c8",
    "packages": [
        {
            "name": "adodb/adodb-php",
            "version": "dev-master",
            "source": {
                "type": "git",
                "url": "https://github.com/cvele/adodb.git",
                "reference": "66f3740cf7718a4cd88bb1a2a05cceaccc98b882"
            },
            "dist": {
                "type": "zip",
                "url": "https://api.github.com/repos/cvele/adodb/zipball/66f3740cf7718a4cd88bb1a2a05cceaccc98b882",
                "reference": "66f3740cf7718a4cd88bb1a2a05cceaccc98b882",
                "shasum": ""
            },
            "require": {
                "php": ">=5.3.2"
            },
            "type": "library",
            "autoload": {
                "files": [
                    "adodb.inc.php"
                ]
            },
            "notification-url": "https://packagist.org/downloads/",
            "license": [
                "LGPL-2.1",
                " BSD-2-Clause"
            ],
            "authors": [
                {
                    "name": "John Lim",
                    "homepage": "http://adodb.sourceforge.net/#docs"
                }
            ],
            "time": "2013-01-04 11:54:13"
        },
        {
            "name": "jdorn/file-system-cache",
            "version": "dev-master",
            "source": {
                "type": "git",
                "url": "https://github.com/jdorn/FileSystemCache.git",
                "reference": "08f33ff840ec4728a0bd28e4d68d97635584952e"
            },
            "dist": {
                "type": "zip",
                "url": "https://api.github.com/repos/jdorn/FileSystemCache/zipball/08f33ff840ec4728a0bd28e4d68d97635584952e",
                "reference": "08f33ff840ec4728a0bd28e4d68d97635584952e",
                "shasum": ""
            },
            "require": {
                "php": ">=5.3.0"
            },
            "type": "library",
            "extra": {
                "branch-alias": {
                    "dev-master": "1.0.x-dev"
                }
            },
            "autoload": {
                "classmap": [
                    "lib"
                ]
            },
            "notification-url": "https://packagist.org/downloads/",
            "license": [
                "LGPL"
            ],
            "authors": [
                {
                    "name": "Jeremy Dorn",
                    "email": "jeremy@jeremydorn.com",
                    "homepage": "http://jeremydorn.com/"
                }
            ],
            "description": "an easy way to cache data in the file system",
            "homepage": "https://github.com/jdorn/FileSystemCache/",
            "keywords": [
                "cache",
                "file system"
            ],
            "time": "2013-07-05 13:28:27"
        },
        {
            "name": "jdorn/sql-formatter",
            "version": "dev-master",
            "source": {
                "type": "git",
                "url": "https://github.com/jdorn/sql-formatter.git",
                "reference": "51a660e97b59f91b814eeee6e0a38e3cd726dd30"
            },
            "dist": {
                "type": "zip",
                "url": "https://api.github.com/repos/jdorn/sql-formatter/zipball/51a660e97b59f91b814eeee6e0a38e3cd726dd30",
                "reference": "51a660e97b59f91b814eeee6e0a38e3cd726dd30",
                "shasum": ""
            },
            "require": {
                "php": ">=5.2.4"
            },
            "require-dev": {
                "phpunit/phpunit": "3.7.*"
            },
            "type": "library",
            "extra": {
                "branch-alias": {
                    "dev-master": "1.3.x-dev"
                }
            },
            "autoload": {
                "classmap": [
                    "lib"
                ]
            },
            "notification-url": "https://packagist.org/downloads/",
            "license": [
                "MIT"
            ],
            "authors": [
                {
                    "name": "Jeremy Dorn",
                    "email": "jeremy@jeremydorn.com",
                    "homepage": "http://jeremydorn.com/"
                }
            ],
            "description": "a PHP SQL highlighting library",
            "homepage": "https://github.com/jdorn/sql-formatter/",
            "keywords": [
                "highlight",
                "sql"
            ],
            "time": "2013-09-18 14:43:47"
        },
        {
            "name": "lespoilus/spyc",
            "version": "dev-master",
            "source": {
                "type": "git",
                "url": "https://github.com/lespoilus/spyc.git",
                "reference": "5a5bacdef1e514bdbb30701f13d9867140a6a21b"
            },
            "dist": {
                "type": "zip",
                "url": "https://api.github.com/repos/lespoilus/spyc/zipball/5a5bacdef1e514bdbb30701f13d9867140a6a21b",
                "reference": "5a5bacdef1e514bdbb30701f13d9867140a6a21b",
                "shasum": ""
            },
            "require": {
                "php": ">=5.3.1"
            },
            "type": "library",
            "autoload": {
                "files": [
                    "spyc.php"
                ]
            },
            "notification-url": "https://packagist.org/downloads/",
            "license": [
                "MIT License"
            ],
            "authors": [
                {
                    "name": "mustangostang",
                    "email": "vlad.andersen@gmail.com"
                }
            ],
            "description": "A simple YAML loader/dumper class for PHP",
            "homepage": "https://github.com/lespoius/spyc/",
            "keywords": [
                "spyc",
                "yaml",
                "yml",
                "zf2"
            ],
            "time": "2012-10-15 11:52:47"
        },
        {
            "name": "mikecao/flight",
            "version": "dev-master",
            "source": {
                "type": "git",
                "url": "git://github.com/mikecao/flight.git",
                "reference": "d0818793794a36a55741771675ad573fa59cd568"
            },
            "type": "library",
            "time": "2012-12-13 18:22:51"
        },
        {
            "name": "phpoffice/phpexcel",
            "version": "dev-develop",
            "source": {
                "type": "git",
                "url": "https://github.com/PHPOffice/PHPExcel.git",
                "reference": "555a4ab828d84ec720ae2cf9dd3862010c5653f3"
            },
            "dist": {
                "type": "zip",
                "url": "https://api.github.com/repos/PHPOffice/PHPExcel/zipball/555a4ab828d84ec720ae2cf9dd3862010c5653f3",
                "reference": "555a4ab828d84ec720ae2cf9dd3862010c5653f3",
                "shasum": ""
            },
            "require": {
                "ext-xml": "*",
                "php": ">=5.2.0"
            },
            "type": "library",
            "autoload": {
                "psr-0": {
                    "PHPExcel": "Classes/"
                }
            },
            "notification-url": "https://packagist.org/downloads/",
            "license": [
                "LGPL"
            ],
            "authors": [
                {
                    "name": "Maarten Balliauw",
                    "homepage": "http://blog.maartenballiauw.be"
                },
                {
                    "name": "Mark Baker"
                },
                {
                    "name": "Franck Lefevre",
                    "homepage": "http://blog.rootslabs.net"
                },
                {
                    "name": "Erik Tilt"
                }
            ],
            "description": "PHPExcel - OpenXML - Read, Create and Write Spreadsheet documents in PHP - Spreadsheet engine",
            "homepage": "http://phpexcel.codeplex.com",
            "keywords": [
                "OpenXML",
                "excel",
                "php",
                "spreadsheet",
                "xls",
                "xlsx"
            ],
            "time": "2013-09-15 17:11:48"
        },
        {
            "name": "swiftmailer/swiftmailer",
            "version": "dev-master",
            "source": {
                "type": "git",
                "url": "https://github.com/swiftmailer/swiftmailer.git",
                "reference": "c0736a0eb2b95928329a475dcd95b3541bd06428"
            },
            "dist": {
                "type": "zip",
                "url": "https://api.github.com/repos/swiftmailer/swiftmailer/zipball/c0736a0eb2b95928329a475dcd95b3541bd06428",
                "reference": "c0736a0eb2b95928329a475dcd95b3541bd06428",
                "shasum": ""
            },
            "require": {
                "php": ">=5.2.4"
            },
            "type": "library",
            "extra": {
                "branch-alias": {
                    "dev-master": "5.1-dev"
                }
            },
            "autoload": {
                "files": [
                    "lib/swift_required.php"
                ]
            },
            "notification-url": "https://packagist.org/downloads/",
            "license": [
                "MIT"
            ],
            "authors": [
                {
                    "name": "Fabien Potencier",
                    "email": "fabien@symfony.com"
                },
                {
                    "name": "Chris Corbyn"
                }
            ],
            "description": "Swiftmailer, free feature-rich PHP mailer",
            "homepage": "http://swiftmailer.org",
            "keywords": [
                "mail",
                "mailer"
            ],
            "time": "2013-09-23 08:26:27"
        },
        {
            "name": "twig/twig",
            "version": "dev-master",
            "source": {
                "type": "git",
                "url": "https://github.com/fabpot/Twig.git",
                "reference": "f23031a8e5fc1eb077334baa010b965dcf3d6566"
            },
            "dist": {
                "type": "zip",
                "url": "https://api.github.com/repos/fabpot/Twig/zipball/f23031a8e5fc1eb077334baa010b965dcf3d6566",
                "reference": "f23031a8e5fc1eb077334baa010b965dcf3d6566",
                "shasum": ""
            },
            "require": {
                "php": ">=5.2.4"
            },
            "type": "library",
            "extra": {
                "branch-alias": {
                    "dev-master": "1.14-dev"
                }
            },
            "autoload": {
                "psr-0": {
                    "Twig_": "lib/"
                }
            },
            "notification-url": "https://packagist.org/downloads/",
            "license": [
                "BSD-3-Clause"
            ],
            "authors": [
                {
                    "name": "Fabien Potencier",
                    "email": "fabien@symfony.com"
                },
                {
                    "name": "Armin Ronacher",
                    "email": "armin.ronacher@active-4.com"
                }
            ],
            "description": "Twig, the flexible, fast, and secure template language for PHP",
            "homepage": "http://twig.sensiolabs.org",
            "keywords": [
                "templating"
            ],
            "time": "2013-10-01 14:20:58"
        }
    ],
    "packages-dev": [

    ],
    "aliases": [

    ],
    "minimum-stability": "dev",
    "stability-flags": {
        "mikecao/flight": 20,
        "jdorn/sql-formatter": 20,
        "jdorn/file-system-cache": 20,
        "phpoffice/phpexcel": 20,
        "adodb/adodb-php": 20,
        "lespoilus/spyc": 20
    },
    "platform": [

    ],
    "platform-dev": [

    ]
}
